
Microsoft Visual Studio Solution File, Format Version 12.00
# Visual Studio Version 16
VisualStudioVersion = 16.0.32228.343
MinimumVisualStudioVersion = 10.0.40219.1
Project("{FAE04EC0-301F-11D3-BF4B-00C04F79EFBC}") = "MovieApplication.Backoffice", "MovieApplication.Backoffice\MovieApplication.Backoffice.csproj", "{9B46BC1C-E006-4254-8D22-494782D840E6}"
EndProject
Project("{FAE04EC0-301F-11D3-BF4B-00C04F79EFBC}") = "MovieApplication.Core", "MovieApplication.Core\MovieApplication.Core.csproj", "{73E310B0-2298-4184-886C-E0661AB7772E}"
EndProject
Project("{FAE04EC0-301F-11D3-BF4B-00C04F79EFBC}") = "MovieApplication.Infrastructure", "MovieApplication.Infrastructure\MovieApplication.Infrastructure.csproj", "{58E02943-8CFE-4191-A186-985021CEEB64}"
EndProject
Project("{FAE04EC0-301F-11D3-BF4B-00C04F79EFBC}") = "MovieApplication.Repositories", "MovieApplication.Repositories\MovieApplication.Repositories.csproj", "{72CAD790-1A64-44AD-B2C7-16D57E09626B}"
EndProject
Project("{FAE04EC0-301F-11D3-BF4B-00C04F79EFBC}") = "MovieApplication.Services", "MovieApplication.Services\MovieApplication.Services.csproj", "{98E055E6-7462-4AC8-A406-830173FA9F23}"
EndProject
Global
	GlobalSection(SolutionConfigurationPlatforms) = preSolution
		Debug|Any CPU = Debug|Any CPU
		Release|Any CPU = Release|Any CPU
	EndGlobalSection
	GlobalSection(ProjectConfigurationPlatforms) = postSolution
		{9B46BC1C-E006-4254-8D22-494782D840E6}.Debug|Any CPU.ActiveCfg = Debug|Any CPU
		{9B46BC1C-E006-4254-8D22-494782D840E6}.Debug|Any CPU.Build.0 = Debug|Any CPU
		{9B46BC1C-E006-4254-8D22-494782D840E6}.Release|Any CPU.ActiveCfg = Release|Any CPU
		{9B46BC1C-E006-4254-8D22-494782D840E6}.Release|Any CPU.Build.0 = Release|Any CPU
		{73E310B0-2298-4184-886C-E0661AB7772E}.Debug|Any CPU.ActiveCfg = Debug|Any CPU
		{73E310B0-2298-4184-886C-E0661AB7772E}.Debug|Any CPU.Build.0 = Debug|Any CPU
		{73E310B0-2298-4184-886C-E0661AB7772E}.Release|Any CPU.ActiveCfg = Release|Any CPU
		{73E310B0-2298-4184-886C-E0661AB7772E}.Release|Any CPU.Build.0 = Release|Any CPU
		{58E02943-8CFE-4191-A186-985021CEEB64}.Debug|Any CPU.ActiveCfg = Debug|Any CPU
		{58E02943-8CFE-4191-A186-985021CEEB64}.Debug|Any CPU.Build.0 = Debug|Any CPU
		{58E02943-8CFE-4191-A186-985021CEEB64}.Release|Any CPU.ActiveCfg = Release|Any CPU
		{58E02943-8CFE-4191-A186-985021CEEB64}.Release|Any CPU.Build.0 = Release|Any CPU
		{72CAD790-1A64-44AD-B2C7-16D57E09626B}.Debug|Any CPU.ActiveCfg = Debug|Any CPU
		{72CAD790-1A64-44AD-B2C7-16D57E09626B}.Debug|Any CPU.Build.0 = Debug|Any CPU
		{72CAD790-1A64-44AD-B2C7-16D57E09626B}.Release|Any CPU.ActiveCfg = Release|Any CPU
		{72CAD790-1A64-44AD-B2C7-16D57E09626B}.Release|Any CPU.Build.0 = Release|Any CPU
		{98E055E6-7462-4AC8-A406-830173FA9F23}.Debug|Any CPU.ActiveCfg = Debug|Any CPU
		{98E055E6-7462-4AC8-A406-830173FA9F23}.Debug|Any CPU.Build.0 = Debug|Any CPU
		{98E055E6-7462-4AC8-A406-830173FA9F23}.Release|Any CPU.ActiveCfg = Release|Any CPU
		{98E055E6-7462-4AC8-A406-830173FA9F23}.Release|Any CPU.Build.0 = Release|Any CPU
	EndGlobalSection
	GlobalSection(SolutionProperties) = preSolution
		HideSolutionNode = FALSE
	EndGlobalSection
	GlobalSection(ExtensibilityGlobals) = postSolution
		SolutionGuid = {48FFC5A1-BC22-4C52-A5CA-0018E487580F}
	EndGlobalSection
EndGlobal
